
Microsoft Visual Studio Solution File, Format Version 12.00
# Visual Studio Version 16
VisualStudioVersion = 16.0.30330.147
MinimumVisualStudioVersion = 10.0.40219.1
Project("{FAE04EC0-301F-11D3-BF4B-00C04F79EFBC}") = "TratamentoExcecao", "TratamentoExcecao\TratamentoExcecao.csproj", "{2975ADAE-338A-4B41-98D4-F41F5180AB01}"
EndProject
Global
	GlobalSection(SolutionConfigurationPlatforms) = preSolution
		Debug|Any CPU = Debug|Any CPU
		Release|Any CPU = Release|Any CPU
	EndGlobalSection
	GlobalSection(ProjectConfigurationPlatforms) = postSolution
		{2975ADAE-338A-4B41-98D4-F41F5180AB01}.Debug|Any CPU.ActiveCfg = Debug|Any CPU
		{2975ADAE-338A-4B41-98D4-F41F5180AB01}.Debug|Any CPU.Build.0 = Debug|Any CPU
		{2975ADAE-338A-4B41-98D4-F41F5180AB01}.Release|Any CPU.ActiveCfg = Release|Any CPU
		{2975ADAE-338A-4B41-98D4-F41F5180AB01}.Release|Any CPU.Build.0 = Release|Any CPU
	EndGlobalSection
	GlobalSection(SolutionProperties) = preSolution
		HideSolutionNode = FALSE
	EndGlobalSection
	GlobalSection(ExtensibilityGlobals) = postSolution
		SolutionGuid = {EC570A3E-B341-4C77-9E7E-ACF8C221F3A3}
	EndGlobalSection
EndGlobal
